
Microsoft Visual Studio Solution File, Format Version 12.00
# Visual Studio Version 17
VisualStudioVersion = 17.0.31903.59
MinimumVisualStudioVersion = 10.0.40219.1
Project("{2150E333-8FDC-42A3-9474-1A3956D46DE8}") = "src", "src", "{827E0CD3-B72D-47B6-A68D-7590B98EB39B}"
EndProject
Project("{FAE04EC0-301F-11D3-BF4B-00C04F79EFBC}") = "QwertzBridge.Core", "src\QwertzBridge.Core\QwertzBridge.Core.csproj", "{B353CC08-CB71-42A8-BA84-09DDEB31BB41}"
EndProject
Project("{FAE04EC0-301F-11D3-BF4B-00C04F79EFBC}") = "QwertzBridge.Infrastructure", "src\QwertzBridge.Infrastructure\QwertzBridge.Infrastructure.csproj", "{29B5A7A7-7A0F-4E48-A654-5C6A45444816}"
EndProject
Project("{FAE04EC0-301F-11D3-BF4B-00C04F79EFBC}") = "QwertzBridge.App", "src\QwertzBridge.App\QwertzBridge.App.csproj", "{E0F7BE3C-99A4-498A-82BB-5498C3980549}"
EndProject
Project("{2150E333-8FDC-42A3-9474-1A3956D46DE8}") = "tests", "tests", "{0AB3BF05-4346-4AA6-1389-037BE0695223}"
EndProject
Project("{FAE04EC0-301F-11D3-BF4B-00C04F79EFBC}") = "QwertzBridge.Core.Tests", "tests\QwertzBridge.Core.Tests\QwertzBridge.Core.Tests.csproj", "{A5B71D3D-5D81-4092-ABB7-9E04935DAE6A}"
EndProject
Global
	GlobalSection(SolutionConfigurationPlatforms) = preSolution
		Debug|Any CPU = Debug|Any CPU
		Debug|x64 = Debug|x64
		Debug|x86 = Debug|x86
		Release|Any CPU = Release|Any CPU
		Release|x64 = Release|x64
		Release|x86 = Release|x86
	EndGlobalSection
	GlobalSection(ProjectConfigurationPlatforms) = postSolution
		{B353CC08-CB71-42A8-BA84-09DDEB31BB41}.Debug|Any CPU.ActiveCfg = Debug|Any CPU
		{B353CC08-CB71-42A8-BA84-09DDEB31BB41}.Debug|Any CPU.Build.0 = Debug|Any CPU
		{B353CC08-CB71-42A8-BA84-09DDEB31BB41}.Debug|x64.ActiveCfg = Debug|Any CPU
		{B353CC08-CB71-42A8-BA84-09DDEB31BB41}.Debug|x64.Build.0 = Debug|Any CPU
		{B353CC08-CB71-42A8-BA84-09DDEB31BB41}.Debug|x86.ActiveCfg = Debug|Any CPU
		{B353CC08-CB71-42A8-BA84-09DDEB31BB41}.Debug|x86.Build.0 = Debug|Any CPU
		{B353CC08-CB71-42A8-BA84-09DDEB31BB41}.Release|Any CPU.ActiveCfg = Release|Any CPU
		{B353CC08-CB71-42A8-BA84-09DDEB31BB41}.Release|Any CPU.Build.0 = Release|Any CPU
		{B353CC08-CB71-42A8-BA84-09DDEB31BB41}.Release|x64.ActiveCfg = Release|Any CPU
		{B353CC08-CB71-42A8-BA84-09DDEB31BB41}.Release|x64.Build.0 = Release|Any CPU
		{B353CC08-CB71-42A8-BA84-09DDEB31BB41}.Release|x86.ActiveCfg = Release|Any CPU
		{B353CC08-CB71-42A8-BA84-09DDEB31BB41}.Release|x86.Build.0 = Release|Any CPU
		{29B5A7A7-7A0F-4E48-A654-5C6A45444816}.Debug|Any CPU.ActiveCfg = Debug|Any CPU
		{29B5A7A7-7A0F-4E48-A654-5C6A45444816}.Debug|Any CPU.Build.0 = Debug|Any CPU
		{29B5A7A7-7A0F-4E48-A654-5C6A45444816}.Debug|x64.ActiveCfg = Debug|Any CPU
		{29B5A7A7-7A0F-4E48-A654-5C6A45444816}.Debug|x64.Build.0 = Debug|Any CPU
		{29B5A7A7-7A0F-4E48-A654-5C6A45444816}.Debug|x86.ActiveCfg = Debug|Any CPU
		{29B5A7A7-7A0F-4E48-A654-5C6A45444816}.Debug|x86.Build.0 = Debug|Any CPU
		{29B5A7A7-7A0F-4E48-A654-5C6A45444816}.Release|Any CPU.ActiveCfg = Release|Any CPU
		{29B5A7A7-7A0F-4E48-A654-5C6A45444816}.Release|Any CPU.Build.0 = Release|Any CPU
		{29B5A7A7-7A0F-4E48-A654-5C6A45444816}.Release|x64.ActiveCfg = Release|Any CPU
		{29B5A7A7-7A0F-4E48-A654-5C6A45444816}.Release|x64.Build.0 = Release|Any CPU
		{29B5A7A7-7A0F-4E48-A654-5C6A45444816}.Release|x86.ActiveCfg = Release|Any CPU
		{29B5A7A7-7A0F-4E48-A654-5C6A45444816}.Release|x86.Build.0 = Release|Any CPU
		{E0F7BE3C-99A4-498A-82BB-5498C3980549}.Debug|Any CPU.ActiveCfg = Debug|Any CPU
		{E0F7BE3C-99A4-498A-82BB-5498C3980549}.Debug|Any CPU.Build.0 = Debug|Any CPU
		{E0F7BE3C-99A4-498A-82BB-5498C3980549}.Debug|x64.ActiveCfg = Debug|Any CPU
		{E0F7BE3C-99A4-498A-82BB-5498C3980549}.Debug|x64.Build.0 = Debug|Any CPU
		{E0F7BE3C-99A4-498A-82BB-5498C3980549}.Debug|x86.ActiveCfg = Debug|Any CPU
		{E0F7BE3C-99A4-498A-82BB-5498C3980549}.Debug|x86.Build.0 = Debug|Any CPU
		{E0F7BE3C-99A4-498A-82BB-5498C3980549}.Release|Any CPU.ActiveCfg = Release|Any CPU
		{E0F7BE3C-99A4-498A-82BB-5498C3980549}.Release|Any CPU.Build.0 = Release|Any CPU
		{E0F7BE3C-99A4-498A-82BB-5498C3980549}.Release|x64.ActiveCfg = Release|Any CPU
		{E0F7BE3C-99A4-498A-82BB-5498C3980549}.Release|x64.Build.0 = Release|Any CPU
		{E0F7BE3C-99A4-498A-82BB-5498C3980549}.Release|x86.ActiveCfg = Release|Any CPU
		{E0F7BE3C-99A4-498A-82BB-5498C3980549}.Release|x86.Build.0 = Release|Any CPU
		{A5B71D3D-5D81-4092-ABB7-9E04935DAE6A}.Debug|Any CPU.ActiveCfg = Debug|Any CPU
		{A5B71D3D-5D81-4092-ABB7-9E04935DAE6A}.Debug|Any CPU.Build.0 = Debug|Any CPU
		{A5B71D3D-5D81-4092-ABB7-9E04935DAE6A}.Debug|x64.ActiveCfg = Debug|Any CPU
		{A5B71D3D-5D81-4092-ABB7-9E04935DAE6A}.Debug|x64.Build.0 = Debug|Any CPU
		{A5B71D3D-5D81-4092-ABB7-9E04935DAE6A}.Debug|x86.ActiveCfg = Debug|Any CPU
		{A5B71D3D-5D81-4092-ABB7-9E04935DAE6A}.Debug|x86.Build.0 = Debug|Any CPU
		{A5B71D3D-5D81-4092-ABB7-9E04935DAE6A}.Release|Any CPU.ActiveCfg = Release|Any CPU
		{A5B71D3D-5D81-4092-ABB7-9E04935DAE6A}.Release|Any CPU.Build.0 = Release|Any CPU
		{A5B71D3D-5D81-4092-ABB7-9E04935DAE6A}.Release|x64.ActiveCfg = Release|Any CPU
		{A5B71D3D-5D81-4092-ABB7-9E04935DAE6A}.Release|x64.Build.0 = Release|Any CPU
		{A5B71D3D-5D81-4092-ABB7-9E04935DAE6A}.Release|x86.ActiveCfg = Release|Any CPU
		{A5B71D3D-5D81-4092-ABB7-9E04935DAE6A}.Release|x86.Build.0 = Release|Any CPU
	EndGlobalSection
	GlobalSection(SolutionProperties) = preSolution
		HideSolutionNode = FALSE
	EndGlobalSection
	GlobalSection(NestedProjects) = preSolution
		{B353CC08-CB71-42A8-BA84-09DDEB31BB41} = {827E0CD3-B72D-47B6-A68D-7590B98EB39B}
		{29B5A7A7-7A0F-4E48-A654-5C6A45444816} = {827E0CD3-B72D-47B6-A68D-7590B98EB39B}
		{E0F7BE3C-99A4-498A-82BB-5498C3980549} = {827E0CD3-B72D-47B6-A68D-7590B98EB39B}
		{A5B71D3D-5D81-4092-ABB7-9E04935DAE6A} = {0AB3BF05-4346-4AA6-1389-037BE0695223}
	EndGlobalSection
EndGlobal
